{
  "name": "backbone_require",
  "lockfileVersion": 3,
  "requires": true,
  "packages": {
    "": {
      "dependencies": {
        "backbone": "^1.1.2",
        "backbone.localstorage": "^1.1.16",
        "jquery": "^2.1.3",
        "requirejs": "^2.1.15",
        "requirejs-text": "^2.0.12",
        "todomvc-app-css": "^2.1.0",
        "todomvc-common": "^1.0.1",
        "underscore": "^1.7.0"
      }
    },
    "node_modules/backbone": {
      "version": "1.4.1",
      "resolved": "https://registry.npmjs.org/backbone/-/backbone-1.4.1.tgz",
      "integrity": "sha512-ADy1ztN074YkWbHi8ojJVFe3vAanO/lrzMGZWUClIP7oDD/Pjy2vrASraUP+2EVCfIiTtCW4FChVow01XneivA==",
      "dependencies": {
        "underscore": ">=1.8.3"
      }
    },
    "node_modules/backbone.localstorage": {
      "version": "1.1.16",
      "resolved": "https://registry.npmjs.org/backbone.localstorage/-/backbone.localstorage-1.1.16.tgz",
      "integrity": "sha512-NDj5FOI4ufqootUgLlGWMojuSSDEI+GTqLa+H9T5uZhD5lLT/gtfVE6Rt9unWZ8mGsZYHPTK7Mijfisc10LMEA==",
      "engines": {
        "node": "*"
      },
      "peerDependencies": {
        "backbone": "~1.x.x"
      }
    },
    "node_modules/jquery": {
      "version": "2.2.4",
      "resolved": "https://registry.npmjs.org/jquery/-/jquery-2.2.4.tgz",
      "integrity": "sha512-lBHj60ezci2u1v2FqnZIraShGgEXq35qCzMv4lITyHGppTnA13rwR0MgwyNJh9TnDs3aXUvd1xjAotfraMHX/Q=="
    },
    "node_modules/requirejs": {
      "version": "2.3.6",
      "resolved": "https://registry.npmjs.org/requirejs/-/requirejs-2.3.6.tgz",
      "integrity": "sha512-ipEzlWQe6RK3jkzikgCupiTbTvm4S0/CAU5GlgptkN5SO6F3u0UD0K18wy6ErDqiCyP4J4YYe1HuAShvsxePLg==",
      "bin": {
        "r_js": "bin/r.js",
        "r.js": "bin/r.js"
      },
      "engines": {
        "node": ">=0.4.0"
      }
    },
    "node_modules/requirejs-text": {
      "version": "2.0.16",
      "resolved": "https://registry.npmjs.org/requirejs-text/-/requirejs-text-2.0.16.tgz",
      "integrity": "sha512-XrzjeTb1pwzIWmkz8qnUiM20gENgiwB+66IciNuziwlaPAJsYQsQPSYyQ1kD4tGKGZxTisIfDbOHk02DpI/76Q=="
    },
    "node_modules/todomvc-app-css": {
      "version": "2.4.2",
      "resolved": "https://registry.npmjs.org/todomvc-app-css/-/todomvc-app-css-2.4.2.tgz",
      "integrity": "sha512-ViAkQ7ed89rmhFIGRsT36njN+97z8+s3XsJnB8E2IKOq+/SLD/6PtSvmTtiwUcVk39qPcjAc/OyeDys4LoJUVg=="
    },
    "node_modules/todomvc-common": {
      "version": "1.0.5",
      "resolved": "https://registry.npmjs.org/todomvc-common/-/todomvc-common-1.0.5.tgz",
      "integrity": "sha512-D8kEJmxVMQIWwztEdH+WeiAfXRbbSCpgXq4NkYi+gduJ2tr8CNq7sYLfJvjpQ10KD9QxJwig57rvMbV2QAESwQ=="
    },
    "node_modules/underscore": {
      "version": "1.13.6",
      "resolved": "https://registry.npmjs.org/underscore/-/underscore-1.13.6.tgz",
      "integrity": "sha512-+A5Sja4HP1M08MaXya7p5LvjuM7K6q/2EaC0+iovj/wOcMsTzMvDFbasi/oSapiwOlt252IqsKqPjCl7huKS0A=="
    }
  }
}
